// !$*UTF8*$!
{
	archiveVersion = 1;
	classes = {
	};
	objectVersion = 46;
	objects = {

/* Begin PBXBuildFile section */
		94A89C1A1B2488880045E0C2 /* AppDelegate.swift in Sources */ = {isa = PBXBuildFile; fileRef = 94A89C191B2488880045E0C2 /* AppDelegate.swift */; };
		94A89C1C1B2488880045E0C2 /* ViewController.swift in Sources */ = {isa = PBXBuildFile; fileRef = 94A89C1B1B2488880045E0C2 /* ViewController.swift */; };
		94A89C1F1B2488880045E0C2 /* Main.storyboard in Resources */ = {isa = PBXBuildFile; fileRef = 94A89C1D1B2488880045E0C2 /* Main.storyboard */; };
		94A89C211B2488880045E0C2 /* Images.xcassets in Resources */ = {isa = PBXBuildFile; fileRef = 94A89C201B2488880045E0C2 /* Images.xcassets */; };
		94A89C241B2488880045E0C2 /* LaunchScreen.xib in Resources */ = {isa = PBXBuildFile; fileRef = 94A89C221B2488880045E0C2 /* LaunchScreen.xib */; };
		94A89C301B2488880045E0C2 /* ExtensionsExampleTests.swift in Sources */ = {isa = PBXBuildFile; fileRef = 94A89C2F1B2488880045E0C2 /* ExtensionsExampleTests.swift */; };
		94A89C3A1B2488BF0045E0C2 /* PinkColorExtension.swift in Sources */ = {isa = PBXBuildFile; fileRef = 94A89C391B2488BF0045E0C2 /* PinkColorExtension.swift */; };
/* End PBXBuildFile section */

/* Begin PBXContainerItemProxy section */
		94A89C2A1B2488880045E0C2 /* PBXContainerItemProxy */ = {
			isa = PBXContainerItemProxy;
			containerPortal = 94A89C0C1B2488880045E0C2 /* Project object */;
			proxyType = 1;
			remoteGlobalIDString = 94A89C131B2488880045E0C2;
			remoteInfo = ExtensionsExample;
		};
/* End PBXContainerItemProxy section */

/* Begin PBXFileReference section */
		94A89C141B2488880045E0C2 /* ExtensionsExample.app */ = {isa = PBXFileReference; explicitFileType = wrapper.application; includeInIndex = 0; path = ExtensionsExample.app; sourceTree = BUILT_PRODUCTS_DIR; };
		94A89C181B2488880045E0C2 /* Info.plist */ = {isa = PBXFileReference; lastKnownFileType = text.plist.xml; path = Info.plist; sourceTree = "<group>"; };
		94A89C191B2488880045E0C2 /* AppDelegate.swift */ = {isa = PBXFileReference; lastKnownFileType = sourcecode.swift; path = AppDelegate.swift; sourceTree = "<group>"; };
		94A89C1B1B2488880045E0C2 /* ViewController.swift */ = {isa = PBXFileReference; lastKnownFileType = sourcecode.swift; path = ViewController.swift; sourceTree = "<group>"; };
		94A89C1E1B2488880045E0C2 /* Base */ = {isa = PBXFileReference; lastKnownFileType = file.storyboard; name = Base; path = Base.lproj/Main.storyboard; sourceTree = "<group>"; };
		94A89C201B2488880045E0C2 /* Images.xcassets */ = {isa = PBXFileReference; lastKnownFileType = folder.assetcatalog; path = Images.xcassets; sourceTree = "<group>"; };
		94A89C231B2488880045E0C2 /* Base */ = {isa = PBXFileReference; lastKnownFileType = file.xib; name = Base; path = Base.lproj/LaunchScreen.xib; sourceTree = "<group>"; };
		94A89C291B2488880045E0C2 /* ExtensionsExampleTests.xctest */ = {isa = PBXFileReference; explicitFileType = wrapper.cfbundle; includeInIndex = 0; path = ExtensionsExampleTests.xctest; sourceTree = BUILT_PRODUCTS_DIR; };
		94A89C2E1B2488880045E0C2 /* Info.plist */ = {isa = PBXFileReference; lastKnownFileType = text.plist.xml; path = Info.plist; sourceTree = "<group>"; };
		94A89C2F1B2488880045E0C2 /* ExtensionsExampleTests.swift */ = {isa = PBXFileReference; lastKnownFileType = sourcecode.swift; path = ExtensionsExampleTests.swift; sourceTree = "<group>"; };
		94A89C391B2488BF0045E0C2 /* PinkColorExtension.swift */ = {isa = PBXFileReference; fileEncoding = 4; lastKnownFileType = sourcecode.swift; path = PinkColorExtension.swift; sourceTree = "<group>"; };
/* End PBXFileReference section */

/* Begin PBXFrameworksBuildPhase section */
		94A89C111B2488880045E0C2 /* Frameworks */ = {
			isa = PBXFrameworksBuildPhase;
			buildActionMask = 2147483647;
			files = (
			);
			runOnlyForDeploymentPostprocessing = 0;
		};
		94A89C261B2488880045E0C2 /* Frameworks */ = {
			isa = PBXFrameworksBuildPhase;
			buildActionMask = 2147483647;
			files = (
			);
			runOnlyForDeploymentPostprocessing = 0;
		};
/* End PBXFrameworksBuildPhase section */

/* Begin PBXGroup section */
		94A89C0B1B2488880045E0C2 = {
			isa = PBXGroup;
			children = (
				94A89C161B2488880045E0C2 /* ExtensionsExample */,
				94A89C2C1B2488880045E0C2 /* ExtensionsExampleTests */,
				94A89C151B2488880045E0C2 /* Products */,
			);
			sourceTree = "<group>";
		};
		94A89C151B2488880045E0C2 /* Products */ = {
			isa = PBXGroup;
			children = (
				94A89C141B2488880045E0C2 /* ExtensionsExample.app */,
				94A89C291B2488880045E0C2 /* ExtensionsExampleTests.xctest */,
			);
			name = Products;
			sourceTree = "<group>";
		};
		94A89C161B2488880045E0C2 /* ExtensionsExample */ = {
			isa = PBXGroup;
			children = (
				94A89C191B2488880045E0C2 /* AppDelegate.swift */,
				94A89C1B1B2488880045E0C2 /* ViewController.swift */,
				94A89C391B2488BF0045E0C2 /* PinkColorExtension.swift */,
				94A89C1D1B2488880045E0C2 /* Main.storyboard */,
				94A89C201B2488880045E0C2 /* Images.xcassets */,
				94A89C221B2488880045E0C2 /* LaunchScreen.xib */,
				94A89C171B2488880045E0C2 /* Supporting Files */,
			);
			path = ExtensionsExample;
			sourceTree = "<group>";
		};
		94A89C171B2488880045E0C2 /* Supporting Files */ = {
			isa = PBXGroup;
			children = (
				94A89C181B2488880045E0C2 /* Info.plist */,
			);
			name = "Supporting Files";
			sourceTree = "<group>";
		};
		94A89C2C1B2488880045E0C2 /* ExtensionsExampleTests */ = {
			isa = PBXGroup;
			children = (
				94A89C2F1B2488880045E0C2 /* ExtensionsExampleTests.swift */,
				94A89C2D1B2488880045E0C2 /* Supporting Files */,
			);
			path = ExtensionsExampleTests;
			sourceTree = "<group>";
		};
		94A89C2D1B2488880045E0C2 /* Supporting Files */ = {
			isa = PBXGroup;
			children = (
				94A89C2E1B2488880045E0C2 /* Info.plist */,
			);
			name = "Supporting Files";
			sourceTree = "<group>";
		};
/* End PBXGroup section */

/* Begin PBXNativeTarget section */
		94A89C131B2488880045E0C2 /* ExtensionsExample */ = {
			isa = PBXNativeTarget;
			buildConfigurationList = 94A89C331B2488880045E0C2 /* Build configuration list for PBXNativeTarget "ExtensionsExample" */;
			buildPhases = (
				94A89C101B2488880045E0C2 /* Sources */,
				94A89C111B2488880045E0C2 /* Frameworks */,
				94A89C121B2488880045E0C2 /* Resources */,
			);
			buildRules = (
			);
			dependencies = (
			);
			name = ExtensionsExample;
			productName = ExtensionsExample;
			productReference = 94A89C141B2488880045E0C2 /* ExtensionsExample.app */;
			productType = "com.apple.product-type.application";
		};
		94A89C281B2488880045E0C2 /* ExtensionsExampleTests */ = {
			isa = PBXNativeTarget;
			buildConfigurationList = 94A89C361B2488880045E0C2 /* Build configuration list for PBXNativeTarget "ExtensionsExampleTests" */;
			buildPhases = (
				94A89C251B2488880045E0C2 /* Sources */,
				94A89C261B2488880045E0C2 /* Frameworks */,
				94A89C271B2488880045E0C2 /* Resources */,
			);
			buildRules = (
			);
			dependencies = (
				94A89C2B1B2488880045E0C2 /* PBXTargetDependency */,
			);
			name = ExtensionsExampleTests;
			productName = ExtensionsExampleTests;
			productReference = 94A89C291B2488880045E0C2 /* ExtensionsExampleTests.xctest */;
			productType = "com.apple.product-type.bundle.unit-test";
		};
/* End PBXNativeTarget section */

/* Begin PBXProject section */
		94A89C0C1B2488880045E0C2 /* Project object */ = {
			isa = PBXProject;
			attributes = {
				LastUpgradeCheck = 0630;
				ORGANIZATIONNAME = swiftoverload;
				TargetAttributes = {
					94A89C131B2488880045E0C2 = {
						CreatedOnToolsVersion = 6.3.2;
					};
					94A89C281B2488880045E0C2 = {
						CreatedOnToolsVersion = 6.3.2;
						TestTargetID = 94A89C131B2488880045E0C2;
					};
				};
			};
			buildConfigurationList = 94A89C0F1B2488880045E0C2 /* Build configuration list for PBXProject "ExtensionsExample" */;
			compatibilityVersion = "Xcode 3.2";
			developmentRegion = English;
			hasScannedForEncodings = 0;
			knownRegions = (
				en,
				Base,
			);
			mainGroup = 94A89C0B1B2488880045E0C2;
			productRefGroup = 94A89C151B2488880045E0C2 /* Products */;
			projectDirPath = "";
			projectRoot = "";
			targets = (
				94A89C131B2488880045E0C2 /* ExtensionsExample */,
				94A89C281B2488880045E0C2 /* ExtensionsExampleTests */,
			);
		};
/* End PBXProject section */

/* Begin PBXResourcesBuildPhase section */
		94A89C121B2488880045E0C2 /* Resources */ = {
			isa = PBXResourcesBuildPhase;
			buildActionMask = 2147483647;
			files = (
				94A89C1F1B2488880045E0C2 /* Main.storyboard in Resources */,
				94A89C241B2488880045E0C2 /* LaunchScreen.xib in Resources */,
				94A89C211B2488880045E0C2 /* Images.xcassets in Resources */,
			);
			runOnlyForDeploymentPostprocessing = 0;
		};
		94A89C271B2488880045E0C2 /* Resources */ = {
			isa = PBXResourcesBuildPhase;
			buildActionMask = 2147483647;
			files = (
			);
			runOnlyForDeploymentPostprocessing = 0;
		};
/* End PBXResourcesBuildPhase section */

/* Begin PBXSourcesBuildPhase section */
		94A89C101B2488880045E0C2 /* Sources */ = {
			isa = PBXSourcesBuildPhase;
			buildActionMask = 2147483647;
			files = (
				94A89C3A1B2488BF0045E0C2 /* PinkColorExtension.swift in Sources */,
				94A89C1C1B2488880045E0C2 /* ViewController.swift in Sources */,
				94A89C1A1B2488880045E0C2 /* AppDelegate.swift in Sources */,
			);
			runOnlyForDeploymentPostprocessing = 0;
		};
		94A89C251B2488880045E0C2 /* Sources */ = {
			isa = PBXSourcesBuildPhase;
			buildActionMask = 2147483647;
			files = (
				94A89C301B2488880045E0C2 /* ExtensionsExampleTests.swift in Sources */,
			);
			runOnlyForDeploymentPostprocessing = 0;
		};
/* End PBXSourcesBuildPhase section */

/* Begin PBXTargetDependency section */
		94A89C2B1B2488880045E0C2 /* PBXTargetDependency */ = {
			isa = PBXTargetDependency;
			target = 94A89C131B2488880045E0C2 /* ExtensionsExample */;
			targetProxy = 94A89C2A1B2488880045E0C2 /* PBXContainerItemProxy */;
		};
/* End PBXTargetDependency section */

/* Begin PBXVariantGroup section */
		94A89C1D1B2488880045E0C2 /* Main.storyboard */ = {
			isa = PBXVariantGroup;
			children = (
				94A89C1E1B2488880045E0C2 /* Base */,
			);
			name = Main.storyboard;
			sourceTree = "<group>";
		};
		94A89C221B2488880045E0C2 /* LaunchScreen.xib */ = {
			isa = PBXVariantGroup;
			children = (
				94A89C231B2488880045E0C2 /* Base */,
			);
			name = LaunchScreen.xib;
			sourceTree = "<group>";
		};
/* End PBXVariantGroup section */

/* Begin XCBuildConfiguration section */
		94A89C311B2488880045E0C2 /* Debug */ = {
			isa = XCBuildConfiguration;
			buildSettings = {
				ALWAYS_SEARCH_USER_PATHS = NO;
				CLANG_CXX_LANGUAGE_STANDARD = "gnu++0x";
				CLANG_CXX_LIBRARY = "libc++";
				CLANG_ENABLE_MODULES = YES;
				CLANG_ENABLE_OBJC_ARC = YES;
				CLANG_WARN_BOOL_CONVERSION = YES;
				CLANG_WARN_CONSTANT_CONVERSION = YES;
				CLANG_WARN_DIRECT_OBJC_ISA_USAGE = YES_ERROR;
				CLANG_WARN_EMPTY_BODY = YES;
				CLANG_WARN_ENUM_CONVERSION = YES;
				CLANG_WARN_INT_CONVERSION = YES;
				CLANG_WARN_OBJC_ROOT_CLASS = YES_ERROR;
				CLANG_WARN_UNREACHABLE_CODE = YES;
				CLANG_WARN__DUPLICATE_METHOD_MATCH = YES;
				"CODE_SIGN_IDENTITY[sdk=iphoneos*]" = "iPhone Developer";
				COPY_PHASE_STRIP = NO;
				DEBUG_INFORMATION_FORMAT = "dwarf-with-dsym";
				ENABLE_STRICT_OBJC_MSGSEND = YES;
				GCC_C_LANGUAGE_STANDARD = gnu99;
				GCC_DYNAMIC_NO_PIC = NO;
				GCC_NO_COMMON_BLOCKS = YES;
				GCC_OPTIMIZATION_LEVEL = 0;
				GCC_PREPROCESSOR_DEFINITIONS = (
					"DEBUG=1",
					"$(inherited)",
				);
				GCC_SYMBOLS_PRIVATE_EXTERN = NO;
				GCC_WARN_64_TO_32_BIT_CONVERSION = YES;
				GCC_WARN_ABOUT_RETURN_TYPE = YES_ERROR;
				GCC_WARN_UNDECLARED_SELECTOR = YES;
				GCC_WARN_UNINITIALIZED_AUTOS = YES_AGGRESSIVE;
				GCC_WARN_UNUSED_FUNCTION = YES;
				GCC_WARN_UNUSED_VARIABLE = YES;
				IPHONEOS_DEPLOYMENT_TARGET = 8.3;
				MTL_ENABLE_DEBUG_INFO = YES;
				ONLY_ACTIVE_ARCH = YES;
				SDKROOT = iphoneos;
				SWIFT_OPTIMIZATION_LEVEL = "-Onone";
				TARGETED_DEVICE_FAMILY = "1,2";
			};
			name = Debug;
		};
		94A89C321B2488880045E0C2 /* Release */ = {
			isa = XCBuildConfiguration;
			buildSettings = {
				ALWAYS_SEARCH_USER_PATHS = NO;
				CLANG_CXX_LANGUAGE_STANDARD = "gnu++0x";
				CLANG_CXX_LIBRARY = "libc++";
				CLANG_ENABLE_MODULES = YES;
				CLANG_ENABLE_OBJC_ARC = YES;
				CLANG_WARN_BOOL_CONVERSION = YES;
				CLANG_WARN_CONSTANT_CONVERSION = YES;
				CLANG_WARN_DIRECT_OBJC_ISA_USAGE = YES_ERROR;
				CLANG_WARN_EMPTY_BODY = YES;
				CLANG_WARN_ENUM_CONVERSION = YES;
				CLANG_WARN_INT_CONVERSION = YES;
				CLANG_WARN_OBJC_ROOT_CLASS = YES_ERROR;
				CLANG_WARN_UNREACHABLE_CODE = YES;
				CLANG_WARN__DUPLICATE_METHOD_MATCH = YES;
				"CODE_SIGN_IDENTITY[sdk=iphoneos*]" = "iPhone Developer";
				COPY_PHASE_STRIP = NO;
				DEBUG_INFORMATION_FORMAT = "dwarf-with-dsym";
				ENABLE_NS_ASSERTIONS = NO;
				ENABLE_STRICT_OBJC_MSGSEND = YES;
				GCC_C_LANGUAGE_STANDARD = gnu99;
				GCC_NO_COMMON_BLOCKS = YES;
				GCC_WARN_64_TO_32_BIT_CONVERSION = YES;
				GCC_WARN_ABOUT_RETURN_TYPE = YES_ERROR;
				GCC_WARN_UNDECLARED_SELECTOR = YES;
				GCC_WARN_UNINITIALIZED_AUTOS = YES_AGGRESSIVE;
				GCC_WARN_UNUSED_FUNCTION = YES;
				GCC_WARN_UNUSED_VARIABLE = YES;
				IPHONEOS_DEPLOYMENT_TARGET = 8.3;
				MTL_ENABLE_DEBUG_INFO = NO;
				SDKROOT = iphoneos;
				TARGETED_DEVICE_FAMILY = "1,2";
				VALIDATE_PRODUCT = YES;
			};
			name = Release;
		};
		94A89C341B2488880045E0C2 /* Debug */ = {
			isa = XCBuildConfiguration;
			buildSettings = {
				ASSETCATALOG_COMPILER_APPICON_NAME = AppIcon;
				INFOPLIST_FILE = ExtensionsExample/Info.plist;
				LD_RUNPATH_SEARCH_PATHS = "$(inherited) @executable_path/Frameworks";
				PRODUCT_NAME = "$(TARGET_NAME)";
			};
			name = Debug;
		};
		94A89C351B2488880045E0C2 /* Release */ = {
			isa = XCBuildConfiguration;
			buildSettings = {
				ASSETCATALOG_COMPILER_APPICON_NAME = AppIcon;
				INFOPLIST_FILE = ExtensionsExample/Info.plist;
				LD_RUNPATH_SEARCH_PATHS = "$(inherited) @executable_path/Frameworks";
				PRODUCT_NAME = "$(TARGET_NAME)";
			};
			name = Release;
		};
		94A89C371B2488880045E0C2 /* Debug */ = {
			isa = XCBuildConfiguration;
			buildSettings = {
				BUNDLE_LOADER = "$(TEST_HOST)";
				FRAMEWORK_SEARCH_PATHS = (
					"$(SDKROOT)/Developer/Library/Frameworks",
					"$(inherited)",
				);
				GCC_PREPROCESSOR_DEFINITIONS = (
					"DEBUG=1",
					"$(inherited)",
				);
				INFOPLIST_FILE = ExtensionsExampleTests/Info.plist;
				LD_RUNPATH_SEARCH_PATHS = "$(inherited) @executable_path/Frameworks @loader_path/Frameworks";
				PRODUCT_NAME = "$(TARGET_NAME)";
				TEST_HOST = "$(BUILT_PRODUCTS_DIR)/ExtensionsExample.app/ExtensionsExample";
			};
			name = Debug;
		};
		94A89C381B2488880045E0C2 /* Release */ = {
			isa = XCBuildConfiguration;
			buildSettings = {
				BUNDLE_LOADER = "$(TEST_HOST)";
				FRAMEWORK_SEARCH_PATHS = (
					"$(SDKROOT)/Developer/Library/Frameworks",
					"$(inherited)",
				);
				INFOPLIST_FILE = ExtensionsExampleTests/Info.plist;
				LD_RUNPATH_SEARCH_PATHS = "$(inherited) @executable_path/Frameworks @loader_path/Frameworks";
				PRODUCT_NAME = "$(TARGET_NAME)";
				TEST_HOST = "$(BUILT_PRODUCTS_DIR)/ExtensionsExample.app/ExtensionsExample";
			};
			name = Release;
		};
/* End XCBuildConfiguration section */

/* Begin XCConfigurationList section */
		94A89C0F1B2488880045E0C2 /* Build configuration list for PBXProject "ExtensionsExample" */ = {
			isa = XCConfigurationList;
			buildConfigurations = (
				94A89C311B2488880045E0C2 /* Debug */,
				94A89C321B2488880045E0C2 /* Release */,
			);
			defaultConfigurationIsVisible = 0;
			defaultConfigurationName = Release;
		};
		94A89C331B2488880045E0C2 /* Build configuration list for PBXNativeTarget "ExtensionsExample" */ = {
			isa = XCConfigurationList;
			buildConfigurations = (
				94A89C341B2488880045E0C2 /* Debug */,
				94A89C351B2488880045E0C2 /* Release */,
			);
			defaultConfigurationIsVisible = 0;
		};
		94A89C361B2488880045E0C2 /* Build configuration list for PBXNativeTarget "ExtensionsExampleTests" */ = {
			isa = XCConfigurationList;
			buildConfigurations = (
				94A89C371B2488880045E0C2 /* Debug */,
				94A89C381B2488880045E0C2 /* Release */,
			);
			defaultConfigurationIsVisible = 0;
		};
/* End XCConfigurationList section */
	};
	rootObject = 94A89C0C1B2488880045E0C2 /* Project object */;
}
